
Microsoft Visual Studio Solution File, Format Version 12.00
# Visual Studio Version 17
VisualStudioVersion = 17.14.36518.9 d17.14
MinimumVisualStudioVersion = 10.0.40219.1
Project("{FAE04EC0-301F-11D3-BF4B-00C04F79EFBC}") = "cis2225_assignment3_cmoreland", "cis2225_assignment3_cmoreland\cis2225_assignment3_cmoreland.csproj", "{D3A5621D-87D0-4C71-877C-35ABFBE95483}"
EndProject
Global
	GlobalSection(SolutionConfigurationPlatforms) = preSolution
		Debug|Any CPU = Debug|Any CPU
		Release|Any CPU = Release|Any CPU
	EndGlobalSection
	GlobalSection(ProjectConfigurationPlatforms) = postSolution
		{D3A5621D-87D0-4C71-877C-35ABFBE95483}.Debug|Any CPU.ActiveCfg = Debug|Any CPU
		{D3A5621D-87D0-4C71-877C-35ABFBE95483}.Debug|Any CPU.Build.0 = Debug|Any CPU
		{D3A5621D-87D0-4C71-877C-35ABFBE95483}.Release|Any CPU.ActiveCfg = Release|Any CPU
		{D3A5621D-87D0-4C71-877C-35ABFBE95483}.Release|Any CPU.Build.0 = Release|Any CPU
	EndGlobalSection
	GlobalSection(SolutionProperties) = preSolution
		HideSolutionNode = FALSE
	EndGlobalSection
	GlobalSection(ExtensibilityGlobals) = postSolution
		SolutionGuid = {DF6A60E6-E597-4551-BBEA-4E7E94214708}
	EndGlobalSection
EndGlobal
